
Microsoft Visual Studio Solution File, Format Version 12.00
# Visual Studio Version 17
VisualStudioVersion = 17.0.31710.8
MinimumVisualStudioVersion = 10.0.40219.1
Project("{FAE04EC0-301F-11D3-BF4B-00C04F79EFBC}") = "Vira", "Vira\Vira.csproj", "{07633893-74D0-421B-9561-AB37B6204C0B}"
EndProject
Project("{FAE04EC0-301F-11D3-BF4B-00C04F79EFBC}") = "ViewModels", "ViewModels\ViewModels.csproj", "{F6478788-C57C-42D2-B9CC-4C6388A979A5}"
EndProject
Project("{FAE04EC0-301F-11D3-BF4B-00C04F79EFBC}") = "DataLayer", "DataLayer\DataLayer.csproj", "{CFE5C4CF-D70A-46CD-BF44-9582B721FF2C}"
EndProject
Project("{FAE04EC0-301F-11D3-BF4B-00C04F79EFBC}") = "business", "business\business.csproj", "{EEE6CC07-6763-4668-81BB-B59C5CA36FA2}"
EndProject
Project("{FAE04EC0-301F-11D3-BF4B-00C04F79EFBC}") = "Utility", "Utility\Utility.csproj", "{4828F811-6DEB-4991-AB1C-78F139316D2F}"
EndProject
Global
	GlobalSection(SolutionConfigurationPlatforms) = preSolution
		Debug|Any CPU = Debug|Any CPU
		Release|Any CPU = Release|Any CPU
	EndGlobalSection
	GlobalSection(ProjectConfigurationPlatforms) = postSolution
		{07633893-74D0-421B-9561-AB37B6204C0B}.Debug|Any CPU.ActiveCfg = Debug|Any CPU
		{07633893-74D0-421B-9561-AB37B6204C0B}.Debug|Any CPU.Build.0 = Debug|Any CPU
		{07633893-74D0-421B-9561-AB37B6204C0B}.Release|Any CPU.ActiveCfg = Release|Any CPU
		{07633893-74D0-421B-9561-AB37B6204C0B}.Release|Any CPU.Build.0 = Release|Any CPU
		{F6478788-C57C-42D2-B9CC-4C6388A979A5}.Debug|Any CPU.ActiveCfg = Debug|Any CPU
		{F6478788-C57C-42D2-B9CC-4C6388A979A5}.Debug|Any CPU.Build.0 = Debug|Any CPU
		{F6478788-C57C-42D2-B9CC-4C6388A979A5}.Release|Any CPU.ActiveCfg = Release|Any CPU
		{F6478788-C57C-42D2-B9CC-4C6388A979A5}.Release|Any CPU.Build.0 = Release|Any CPU
		{CFE5C4CF-D70A-46CD-BF44-9582B721FF2C}.Debug|Any CPU.ActiveCfg = Debug|Any CPU
		{CFE5C4CF-D70A-46CD-BF44-9582B721FF2C}.Debug|Any CPU.Build.0 = Debug|Any CPU
		{CFE5C4CF-D70A-46CD-BF44-9582B721FF2C}.Release|Any CPU.ActiveCfg = Release|Any CPU
		{CFE5C4CF-D70A-46CD-BF44-9582B721FF2C}.Release|Any CPU.Build.0 = Release|Any CPU
		{EEE6CC07-6763-4668-81BB-B59C5CA36FA2}.Debug|Any CPU.ActiveCfg = Debug|Any CPU
		{EEE6CC07-6763-4668-81BB-B59C5CA36FA2}.Debug|Any CPU.Build.0 = Debug|Any CPU
		{EEE6CC07-6763-4668-81BB-B59C5CA36FA2}.Release|Any CPU.ActiveCfg = Release|Any CPU
		{EEE6CC07-6763-4668-81BB-B59C5CA36FA2}.Release|Any CPU.Build.0 = Release|Any CPU
		{4828F811-6DEB-4991-AB1C-78F139316D2F}.Debug|Any CPU.ActiveCfg = Debug|Any CPU
		{4828F811-6DEB-4991-AB1C-78F139316D2F}.Debug|Any CPU.Build.0 = Debug|Any CPU
		{4828F811-6DEB-4991-AB1C-78F139316D2F}.Release|Any CPU.ActiveCfg = Release|Any CPU
		{4828F811-6DEB-4991-AB1C-78F139316D2F}.Release|Any CPU.Build.0 = Release|Any CPU
	EndGlobalSection
	GlobalSection(SolutionProperties) = preSolution
		HideSolutionNode = FALSE
	EndGlobalSection
	GlobalSection(ExtensibilityGlobals) = postSolution
		SolutionGuid = {CAB34B86-4F1C-484C-A430-94CC30B8892F}
	EndGlobalSection
EndGlobal
